PODS:
  - Alamofire (5.4.3)
  - Core (1.5.6):
    - RealmSwift
  - Realm (10.14.0):
    - Realm/Headers (= 10.14.0)
  - Realm/Headers (10.14.0)
  - RealmSwift (10.14.0):
    - Realm (= 10.14.0)
  - SDWebImage (5.11.1):
    - SDWebImage/Core (= 5.11.1)
  - SDWebImage/Core (5.11.1)
  - SDWebImageSwiftUI (1.5.0):
    - SDWebImage (~> 5.7)

DEPENDENCIES:
  - Alamofire (~> 5.2)
  - Core (from `https://github.com/godofsleepy/Gamecenter2Core.git`)
  - RealmSwift
  - SDWebImageSwiftUI (~> 1.5.0)

SPEC REPOS:
  https://github.com/CocoaPods/Specs:
    - Alamofire
    - Realm
    - RealmSwift
    - SDWebImage
    - SDWebImageSwiftUI

EXTERNAL SOURCES:
  Core:
    :git: https://github.com/godofsleepy/Gamecenter2Core.git

CHECKOUT OPTIONS:
  Core:
    :commit: fc914445a73ea80280eada05d7b1b0959ed42f6b
    :git: https://github.com/godofsleepy/Gamecenter2Core.git

SPEC CHECKSUMS:
  Alamofire: e447a2774a40c996748296fa2c55112fdbbc42f9
  Core: 83330cf4c1411c51c1788b8f10bbe0623ca82c54
  Realm: 95a120db10fa66d0f1d10bee4ce828177ae00090
  RealmSwift: 4937e1b6f9b87bc25dc23883198807bf69e8cb76
  SDWebImage: a7f831e1a65eb5e285e3fb046a23fcfbf08e696d
  SDWebImageSwiftUI: 43687ffe232ddd33fe0659498b7ca9884fdd6b35

PODFILE CHECKSUM: 3d2de42f0a601abbb4edd83da01285d21d5b59ca

COCOAPODS: 1.11.0
