// !$*UTF8*$!
{
	archiveVersion = 1;
	classes = {
	};
	objectVersion = 51;
	objects = {

/* Begin PBXBuildFile section */
		9C6C3DF06EC5D54BD8BD8EC0 /* Pods_GameCenter2.framework in Frameworks */ = {isa = PBXBuildFile; fileRef = 6D2A799120183762738E3B55 /* Pods_GameCenter2.framework */; };
		FB44E25B2562DD6A00758893 /* GameCenter2App.swift in Sources */ = {isa = PBXBuildFile; fileRef = FB44E25A2562DD6A00758893 /* GameCenter2App.swift */; };
		FB44E25D2562DD6A00758893 /* ContentView.swift in Sources */ = {isa = PBXBuildFile; fileRef = FB44E25C2562DD6A00758893 /* ContentView.swift */; };
		FB44E25F2562DD6C00758893 /* Assets.xcassets in Resources */ = {isa = PBXBuildFile; fileRef = FB44E25E2562DD6C00758893 /* Assets.xcassets */; };
		FB44E2622562DD6C00758893 /* Preview Assets.xcassets in Resources */ = {isa = PBXBuildFile; fileRef = FB44E2612562DD6C00758893 /* Preview Assets.xcassets */; };
		FB44E2812563607100758893 /* FavGameItemView.swift in Sources */ = {isa = PBXBuildFile; fileRef = FB44E27C2563607100758893 /* FavGameItemView.swift */; };
		FB44E2822563607100758893 /* CarouselView.swift in Sources */ = {isa = PBXBuildFile; fileRef = FB44E27D2563607100758893 /* CarouselView.swift */; };
		FB44E2832563607100758893 /* SearchBar.swift in Sources */ = {isa = PBXBuildFile; fileRef = FB44E27E2563607100758893 /* SearchBar.swift */; };
		FB44E2842563607100758893 /* GameItemView.swift in Sources */ = {isa = PBXBuildFile; fileRef = FB44E27F2563607100758893 /* GameItemView.swift */; };
		FB44E2852563607100758893 /* Spinner.swift in Sources */ = {isa = PBXBuildFile; fileRef = FB44E2802563607100758893 /* Spinner.swift */; };
		FB44E28F2563610600758893 /* Detail.swift in Sources */ = {isa = PBXBuildFile; fileRef = FB44E2892563610600758893 /* Detail.swift */; };
		FB44E2902563610600758893 /* Profile.swift in Sources */ = {isa = PBXBuildFile; fileRef = FB44E28A2563610600758893 /* Profile.swift */; };
		FB44E2912563610600758893 /* DetailMap.swift in Sources */ = {isa = PBXBuildFile; fileRef = FB44E28B2563610600758893 /* DetailMap.swift */; };
		FB44E2922563610600758893 /* Platforms.swift in Sources */ = {isa = PBXBuildFile; fileRef = FB44E28C2563610600758893 /* Platforms.swift */; };
		FB44E2932563610600758893 /* Games.swift in Sources */ = {isa = PBXBuildFile; fileRef = FB44E28D2563610600758893 /* Games.swift */; };
		FB44E2942563610600758893 /* GameMap.swift in Sources */ = {isa = PBXBuildFile; fileRef = FB44E28E2563610600758893 /* GameMap.swift */; };
		FB44E2992563621D00758893 /* HomeView.swift in Sources */ = {isa = PBXBuildFile; fileRef = FB44E2972563621D00758893 /* HomeView.swift */; };
		FB44E29A2563621D00758893 /* GameListViewModel.swift in Sources */ = {isa = PBXBuildFile; fileRef = FB44E2982563621D00758893 /* GameListViewModel.swift */; };
		FB44E2A32563635800758893 /* ViewErase.swift in Sources */ = {isa = PBXBuildFile; fileRef = FB44E29E2563635800758893 /* ViewErase.swift */; };
		FB44E2A42563635800758893 /* CustomCorner.swift in Sources */ = {isa = PBXBuildFile; fileRef = FB44E29F2563635800758893 /* CustomCorner.swift */; };
		FB44E2A52563635800758893 /* Systen.swift in Sources */ = {isa = PBXBuildFile; fileRef = FB44E2A02563635800758893 /* Systen.swift */; };
		FB44E2A62563635800758893 /* HostingController.swift in Sources */ = {isa = PBXBuildFile; fileRef = FB44E2A12563635800758893 /* HostingController.swift */; };
		FB44E2A72563635800758893 /* Feedback.swift in Sources */ = {isa = PBXBuildFile; fileRef = FB44E2A22563635800758893 /* Feedback.swift */; };
		FB44E2E2256363C800758893 /* DetailView.swift in Sources */ = {isa = PBXBuildFile; fileRef = FB44E2D8256363C700758893 /* DetailView.swift */; };
		FB44E2E3256363C800758893 /* DetailViewModel.swift in Sources */ = {isa = PBXBuildFile; fileRef = FB44E2D9256363C700758893 /* DetailViewModel.swift */; };
		FB44E2E4256363C800758893 /* SearchView.swift in Sources */ = {isa = PBXBuildFile; fileRef = FB44E2DB256363C700758893 /* SearchView.swift */; };
		FB44E2E5256363C800758893 /* SearchViewModel.swift in Sources */ = {isa = PBXBuildFile; fileRef = FB44E2DC256363C700758893 /* SearchViewModel.swift */; };
		FB44E2E6256363C800758893 /* ProfileView.swift in Sources */ = {isa = PBXBuildFile; fileRef = FB44E2DE256363C700758893 /* ProfileView.swift */; };
		FBB348FF25734E4500274808 /* Call.swift in Sources */ = {isa = PBXBuildFile; fileRef = FBB348FD25734E4500274808 /* Call.swift */; };
		FBB3490025734E4500274808 /* GamesAPI.swift in Sources */ = {isa = PBXBuildFile; fileRef = FBB348FE25734E4500274808 /* GamesAPI.swift */; };
/* End PBXBuildFile section */

/* Begin PBXFileReference section */
		4F3B77B2D9B08CB4A964C291 /* Pods-GameCenter2.debug.xcconfig */ = {isa = PBXFileReference; includeInIndex = 1; lastKnownFileType = text.xcconfig; name = "Pods-GameCenter2.debug.xcconfig"; path = "Target Support Files/Pods-GameCenter2/Pods-GameCenter2.debug.xcconfig"; sourceTree = "<group>"; };
		6D2A799120183762738E3B55 /* Pods_GameCenter2.framework */ = {isa = PBXFileReference; explicitFileType = wrapper.framework; includeInIndex = 0; path = Pods_GameCenter2.framework; sourceTree = BUILT_PRODUCTS_DIR; };
		A4431DA68A60C0AA46F1AB9E /* Pods-GameCenter2.release.xcconfig */ = {isa = PBXFileReference; includeInIndex = 1; lastKnownFileType = text.xcconfig; name = "Pods-GameCenter2.release.xcconfig"; path = "Target Support Files/Pods-GameCenter2/Pods-GameCenter2.release.xcconfig"; sourceTree = "<group>"; };
		FB44E2572562DD6A00758893 /* GameCenter2.app */ = {isa = PBXFileReference; explicitFileType = wrapper.application; includeInIndex = 0; path = GameCenter2.app; sourceTree = BUILT_PRODUCTS_DIR; };
		FB44E25A2562DD6A00758893 /* GameCenter2App.swift */ = {isa = PBXFileReference; lastKnownFileType = sourcecode.swift; path = GameCenter2App.swift; sourceTree = "<group>"; };
		FB44E25C2562DD6A00758893 /* ContentView.swift */ = {isa = PBXFileReference; lastKnownFileType = sourcecode.swift; path = ContentView.swift; sourceTree = "<group>"; };
		FB44E25E2562DD6C00758893 /* Assets.xcassets */ = {isa = PBXFileReference; lastKnownFileType = folder.assetcatalog; path = Assets.xcassets; sourceTree = "<group>"; };
		FB44E2612562DD6C00758893 /* Preview Assets.xcassets */ = {isa = PBXFileReference; lastKnownFileType = folder.assetcatalog; path = "Preview Assets.xcassets"; sourceTree = "<group>"; };
		FB44E2682562DD6C00758893 /* Info.plist */ = {isa = PBXFileReference; lastKnownFileType = text.plist.xml; path = Info.plist; sourceTree = "<group>"; };
		FB44E27C2563607100758893 /* FavGameItemView.swift */ = {isa = PBXFileReference; fileEncoding = 4; lastKnownFileType = sourcecode.swift; path = FavGameItemView.swift; sourceTree = "<group>"; };
		FB44E27D2563607100758893 /* CarouselView.swift */ = {isa = PBXFileReference; fileEncoding = 4; lastKnownFileType = sourcecode.swift; path = CarouselView.swift; sourceTree = "<group>"; };
		FB44E27E2563607100758893 /* SearchBar.swift */ = {isa = PBXFileReference; fileEncoding = 4; lastKnownFileType = sourcecode.swift; path = SearchBar.swift; sourceTree = "<group>"; };
		FB44E27F2563607100758893 /* GameItemView.swift */ = {isa = PBXFileReference; fileEncoding = 4; lastKnownFileType = sourcecode.swift; path = GameItemView.swift; sourceTree = "<group>"; };
		FB44E2802563607100758893 /* Spinner.swift */ = {isa = PBXFileReference; fileEncoding = 4; lastKnownFileType = sourcecode.swift; path = Spinner.swift; sourceTree = "<group>"; };
		FB44E2892563610600758893 /* Detail.swift */ = {isa = PBXFileReference; fileEncoding = 4; lastKnownFileType = sourcecode.swift; path = Detail.swift; sourceTree = "<group>"; };
		FB44E28A2563610600758893 /* Profile.swift */ = {isa = PBXFileReference; fileEncoding = 4; lastKnownFileType = sourcecode.swift; path = Profile.swift; sourceTree = "<group>"; };
		FB44E28B2563610600758893 /* DetailMap.swift */ = {isa = PBXFileReference; fileEncoding = 4; lastKnownFileType = sourcecode.swift; path = DetailMap.swift; sourceTree = "<group>"; };
		FB44E28C2563610600758893 /* Platforms.swift */ = {isa = PBXFileReference; fileEncoding = 4; lastKnownFileType = sourcecode.swift; path = Platforms.swift; sourceTree = "<group>"; };
		FB44E28D2563610600758893 /* Games.swift */ = {isa = PBXFileReference; fileEncoding = 4; lastKnownFileType = sourcecode.swift; path = Games.swift; sourceTree = "<group>"; };
		FB44E28E2563610600758893 /* GameMap.swift */ = {isa = PBXFileReference; fileEncoding = 4; lastKnownFileType = sourcecode.swift; path = GameMap.swift; sourceTree = "<group>"; };
		FB44E2972563621D00758893 /* HomeView.swift */ = {isa = PBXFileReference; fileEncoding = 4; lastKnownFileType = sourcecode.swift; path = HomeView.swift; sourceTree = "<group>"; };
		FB44E2982563621D00758893 /* GameListViewModel.swift */ = {isa = PBXFileReference; fileEncoding = 4; lastKnownFileType = sourcecode.swift; path = GameListViewModel.swift; sourceTree = "<group>"; };
		FB44E29E2563635800758893 /* ViewErase.swift */ = {isa = PBXFileReference; fileEncoding = 4; lastKnownFileType = sourcecode.swift; path = ViewErase.swift; sourceTree = "<group>"; };
		FB44E29F2563635800758893 /* CustomCorner.swift */ = {isa = PBXFileReference; fileEncoding = 4; lastKnownFileType = sourcecode.swift; path = CustomCorner.swift; sourceTree = "<group>"; };
		FB44E2A02563635800758893 /* Systen.swift */ = {isa = PBXFileReference; fileEncoding = 4; lastKnownFileType = sourcecode.swift; path = Systen.swift; sourceTree = "<group>"; };
		FB44E2A12563635800758893 /* HostingController.swift */ = {isa = PBXFileReference; fileEncoding = 4; lastKnownFileType = sourcecode.swift; path = HostingController.swift; sourceTree = "<group>"; };
		FB44E2A22563635800758893 /* Feedback.swift */ = {isa = PBXFileReference; fileEncoding = 4; lastKnownFileType = sourcecode.swift; path = Feedback.swift; sourceTree = "<group>"; };
		FB44E2D8256363C700758893 /* DetailView.swift */ = {isa = PBXFileReference; fileEncoding = 4; lastKnownFileType = sourcecode.swift; path = DetailView.swift; sourceTree = "<group>"; };
		FB44E2D9256363C700758893 /* DetailViewModel.swift */ = {isa = PBXFileReference; fileEncoding = 4; lastKnownFileType = sourcecode.swift; path = DetailViewModel.swift; sourceTree = "<group>"; };
		FB44E2DB256363C700758893 /* SearchView.swift */ = {isa = PBXFileReference; fileEncoding = 4; lastKnownFileType = sourcecode.swift; path = SearchView.swift; sourceTree = "<group>"; };
		FB44E2DC256363C700758893 /* SearchViewModel.swift */ = {isa = PBXFileReference; fileEncoding = 4; lastKnownFileType = sourcecode.swift; path = SearchViewModel.swift; sourceTree = "<group>"; };
		FB44E2DE256363C700758893 /* ProfileView.swift */ = {isa = PBXFileReference; fileEncoding = 4; lastKnownFileType = sourcecode.swift; path = ProfileView.swift; sourceTree = "<group>"; };
		FBB348FD25734E4500274808 /* Call.swift */ = {isa = PBXFileReference; fileEncoding = 4; lastKnownFileType = sourcecode.swift; name = Call.swift; path = ../../../../.Trash/Call.swift; sourceTree = "<group>"; };
		FBB348FE25734E4500274808 /* GamesAPI.swift */ = {isa = PBXFileReference; fileEncoding = 4; lastKnownFileType = sourcecode.swift; name = GamesAPI.swift; path = ../../../../.Trash/GamesAPI.swift; sourceTree = "<group>"; };
/* End PBXFileReference section */

/* Begin PBXFrameworksBuildPhase section */
		FB44E2542562DD6A00758893 /* Frameworks */ = {
			isa = PBXFrameworksBuildPhase;
			buildActionMask = 2147483647;
			files = (
				9C6C3DF06EC5D54BD8BD8EC0 /* Pods_GameCenter2.framework in Frameworks */,
			);
			runOnlyForDeploymentPostprocessing = 0;
		};
/* End PBXFrameworksBuildPhase section */

/* Begin PBXGroup section */
		3B5AD74ABDCDEB733D491DE8 /* Pods */ = {
			isa = PBXGroup;
			children = (
				4F3B77B2D9B08CB4A964C291 /* Pods-GameCenter2.debug.xcconfig */,
				A4431DA68A60C0AA46F1AB9E /* Pods-GameCenter2.release.xcconfig */,
			);
			path = Pods;
			sourceTree = "<group>";
		};
		80684B4BE77F8C92EF06105A /* Frameworks */ = {
			isa = PBXGroup;
			children = (
				6D2A799120183762738E3B55 /* Pods_GameCenter2.framework */,
			);
			name = Frameworks;
			sourceTree = "<group>";
		};
		FB44E24E2562DD6A00758893 = {
			isa = PBXGroup;
			children = (
				FB44E2592562DD6A00758893 /* GameCenter2 */,
				FB44E2582562DD6A00758893 /* Products */,
				3B5AD74ABDCDEB733D491DE8 /* Pods */,
				80684B4BE77F8C92EF06105A /* Frameworks */,
			);
			sourceTree = "<group>";
		};
		FB44E2582562DD6A00758893 /* Products */ = {
			isa = PBXGroup;
			children = (
				FB44E2572562DD6A00758893 /* GameCenter2.app */,
			);
			name = Products;
			sourceTree = "<group>";
		};
		FB44E2592562DD6A00758893 /* GameCenter2 */ = {
			isa = PBXGroup;
			children = (
				FBB348FC25734C5700274808 /* Supporting Files */,
				FBB348F925734C2B00274808 /* Core */,
				FBB348F625734BA200274808 /* App */,
				FB44E2D12563639100758893 /* Services */,
				FB44E29D2563635800758893 /* Utils */,
				FB44E288256360E400758893 /* Model */,
				FB44E2752562E17700758893 /* Base */,
				FB44E2742562E15E00758893 /* View */,
				FB44E2602562DD6C00758893 /* Preview Content */,
			);
			path = GameCenter2;
			sourceTree = "<group>";
		};
		FB44E2602562DD6C00758893 /* Preview Content */ = {
			isa = PBXGroup;
			children = (
				FB44E2612562DD6C00758893 /* Preview Assets.xcassets */,
			);
			path = "Preview Content";
			sourceTree = "<group>";
		};
		FB44E2742562E15E00758893 /* View */ = {
			isa = PBXGroup;
			children = (
				FB44E2D7256363C700758893 /* Detail */,
				FB44E2DD256363C700758893 /* Profile */,
				FB44E2DA256363C700758893 /* Search */,
				FB44E2962563621D00758893 /* Home */,
				FB44E27B25635FFE00758893 /* Component */,
			);
			path = View;
			sourceTree = "<group>";
		};
		FB44E2752562E17700758893 /* Base */ = {
			isa = PBXGroup;
			children = (
				FB44E25A2562DD6A00758893 /* GameCenter2App.swift */,
			);
			path = Base;
			sourceTree = "<group>";
		};
		FB44E27B25635FFE00758893 /* Component */ = {
			isa = PBXGroup;
			children = (
				FB44E27D2563607100758893 /* CarouselView.swift */,
				FB44E27C2563607100758893 /* FavGameItemView.swift */,
				FB44E27F2563607100758893 /* GameItemView.swift */,
				FB44E27E2563607100758893 /* SearchBar.swift */,
				FB44E2802563607100758893 /* Spinner.swift */,
			);
			path = Component;
			sourceTree = "<group>";
		};
		FB44E288256360E400758893 /* Model */ = {
			isa = PBXGroup;
			children = (
				FB44E2892563610600758893 /* Detail.swift */,
				FB44E28B2563610600758893 /* DetailMap.swift */,
				FB44E28E2563610600758893 /* GameMap.swift */,
				FB44E28D2563610600758893 /* Games.swift */,
				FB44E28C2563610600758893 /* Platforms.swift */,
				FB44E28A2563610600758893 /* Profile.swift */,
			);
			path = Model;
			sourceTree = "<group>";
		};
		FB44E2962563621D00758893 /* Home */ = {
			isa = PBXGroup;
			children = (
				FB44E2972563621D00758893 /* HomeView.swift */,
				FB44E2982563621D00758893 /* GameListViewModel.swift */,
			);
			path = Home;
			sourceTree = "<group>";
		};
		FB44E29D2563635800758893 /* Utils */ = {
			isa = PBXGroup;
			children = (
				FB44E29E2563635800758893 /* ViewErase.swift */,
				FB44E29F2563635800758893 /* CustomCorner.swift */,
				FB44E2A02563635800758893 /* Systen.swift */,
				FB44E2A12563635800758893 /* HostingController.swift */,
				FB44E2A22563635800758893 /* Feedback.swift */,
			);
			name = Utils;
			path = ../../GameCenter/GameCenter/Utils;
			sourceTree = "<group>";
		};
		FB44E2D12563639100758893 /* Services */ = {
			isa = PBXGroup;
			children = (
				FBB348FD25734E4500274808 /* Call.swift */,
				FBB348FE25734E4500274808 /* GamesAPI.swift */,
			);
			path = Services;
			sourceTree = "<group>";
		};
		FB44E2D7256363C700758893 /* Detail */ = {
			isa = PBXGroup;
			children = (
				FB44E2D8256363C700758893 /* DetailView.swift */,
				FB44E2D9256363C700758893 /* DetailViewModel.swift */,
			);
			path = Detail;
			sourceTree = "<group>";
		};
		FB44E2DA256363C700758893 /* Search */ = {
			isa = PBXGroup;
			children = (
				FB44E2DB256363C700758893 /* SearchView.swift */,
				FB44E2DC256363C700758893 /* SearchViewModel.swift */,
			);
			path = Search;
			sourceTree = "<group>";
		};
		FB44E2DD256363C700758893 /* Profile */ = {
			isa = PBXGroup;
			children = (
				FB44E2DE256363C700758893 /* ProfileView.swift */,
			);
			path = Profile;
			sourceTree = "<group>";
		};
		FBB348F625734BA200274808 /* App */ = {
			isa = PBXGroup;
			children = (
				FB44E25C2562DD6A00758893 /* ContentView.swift */,
			);
			path = App;
			sourceTree = "<group>";
		};
		FBB348F925734C2B00274808 /* Core */ = {
			isa = PBXGroup;
			children = (
			);
			path = Core;
			sourceTree = "<group>";
		};
		FBB348FC25734C5700274808 /* Supporting Files */ = {
			isa = PBXGroup;
			children = (
				FB44E25E2562DD6C00758893 /* Assets.xcassets */,
				FB44E2682562DD6C00758893 /* Info.plist */,
			);
			path = "Supporting Files";
			sourceTree = "<group>";
		};
/* End PBXGroup section */

/* Begin PBXNativeTarget section */
		FB44E2562562DD6A00758893 /* GameCenter2 */ = {
			isa = PBXNativeTarget;
			buildConfigurationList = FB44E26B2562DD6C00758893 /* Build configuration list for PBXNativeTarget "GameCenter2" */;
			buildPhases = (
				AE8FE63B1AC0B7245681CA2D /* [CP] Check Pods Manifest.lock */,
				FB44E2532562DD6A00758893 /* Sources */,
				FB44E2542562DD6A00758893 /* Frameworks */,
				FB44E2552562DD6A00758893 /* Resources */,
				781095383A2F508AB5A4B97B /* [CP] Embed Pods Frameworks */,
			);
			buildRules = (
			);
			dependencies = (
			);
			name = GameCenter2;
			productName = GameCenter2;
			productReference = FB44E2572562DD6A00758893 /* GameCenter2.app */;
			productType = "com.apple.product-type.application";
		};
/* End PBXNativeTarget section */

/* Begin PBXProject section */
		FB44E24F2562DD6A00758893 /* Project object */ = {
			isa = PBXProject;
			attributes = {
				LastSwiftUpdateCheck = 1210;
				LastUpgradeCheck = 1210;
				TargetAttributes = {
					FB44E2562562DD6A00758893 = {
						CreatedOnToolsVersion = 12.1;
					};
				};
			};
			buildConfigurationList = FB44E2522562DD6A00758893 /* Build configuration list for PBXProject "GameCenter2" */;
			compatibilityVersion = "Xcode 9.3";
			developmentRegion = en;
			hasScannedForEncodings = 0;
			knownRegions = (
				en,
				Base,
			);
			mainGroup = FB44E24E2562DD6A00758893;
			productRefGroup = FB44E2582562DD6A00758893 /* Products */;
			projectDirPath = "";
			projectRoot = "";
			targets = (
				FB44E2562562DD6A00758893 /* GameCenter2 */,
			);
		};
/* End PBXProject section */

/* Begin PBXResourcesBuildPhase section */
		FB44E2552562DD6A00758893 /* Resources */ = {
			isa = PBXResourcesBuildPhase;
			buildActionMask = 2147483647;
			files = (
				FB44E2622562DD6C00758893 /* Preview Assets.xcassets in Resources */,
				FB44E25F2562DD6C00758893 /* Assets.xcassets in Resources */,
			);
			runOnlyForDeploymentPostprocessing = 0;
		};
/* End PBXResourcesBuildPhase section */

/* Begin PBXShellScriptBuildPhase section */
		781095383A2F508AB5A4B97B /* [CP] Embed Pods Frameworks */ = {
			isa = PBXShellScriptBuildPhase;
			buildActionMask = 2147483647;
			files = (
			);
			inputFileListPaths = (
				"${PODS_ROOT}/Target Support Files/Pods-GameCenter2/Pods-GameCenter2-frameworks-${CONFIGURATION}-input-files.xcfilelist",
			);
			name = "[CP] Embed Pods Frameworks";
			outputFileListPaths = (
				"${PODS_ROOT}/Target Support Files/Pods-GameCenter2/Pods-GameCenter2-frameworks-${CONFIGURATION}-output-files.xcfilelist",
			);
			runOnlyForDeploymentPostprocessing = 0;
			shellPath = /bin/sh;
			shellScript = "\"${PODS_ROOT}/Target Support Files/Pods-GameCenter2/Pods-GameCenter2-frameworks.sh\"\n";
			showEnvVarsInLog = 0;
		};
		AE8FE63B1AC0B7245681CA2D /* [CP] Check Pods Manifest.lock */ = {
			isa = PBXShellScriptBuildPhase;
			buildActionMask = 2147483647;
			files = (
			);
			inputFileListPaths = (
			);
			inputPaths = (
				"${PODS_PODFILE_DIR_PATH}/Podfile.lock",
				"${PODS_ROOT}/Manifest.lock",
			);
			name = "[CP] Check Pods Manifest.lock";
			outputFileListPaths = (
			);
			outputPaths = (
				"$(DERIVED_FILE_DIR)/Pods-GameCenter2-checkManifestLockResult.txt",
			);
			runOnlyForDeploymentPostprocessing = 0;
			shellPath = /bin/sh;
			shellScript = "diff \"${PODS_PODFILE_DIR_PATH}/Podfile.lock\" \"${PODS_ROOT}/Manifest.lock\" > /dev/null\nif [ $? != 0 ] ; then\n    # print error to STDERR\n    echo \"error: The sandbox is not in sync with the Podfile.lock. Run 'pod install' or update your CocoaPods installation.\" >&2\n    exit 1\nfi\n# This output is used by Xcode 'outputs' to avoid re-running this script phase.\necho \"SUCCESS\" > \"${SCRIPT_OUTPUT_FILE_0}\"\n";
			showEnvVarsInLog = 0;
		};
/* End PBXShellScriptBuildPhase section */

/* Begin PBXSourcesBuildPhase section */
		FB44E2532562DD6A00758893 /* Sources */ = {
			isa = PBXSourcesBuildPhase;
			buildActionMask = 2147483647;
			files = (
				FB44E2832563607100758893 /* SearchBar.swift in Sources */,
				FB44E2A32563635800758893 /* ViewErase.swift in Sources */,
				FB44E2852563607100758893 /* Spinner.swift in Sources */,
				FB44E2842563607100758893 /* GameItemView.swift in Sources */,
				FB44E2A72563635800758893 /* Feedback.swift in Sources */,
				FBB3490025734E4500274808 /* GamesAPI.swift in Sources */,
				FB44E2932563610600758893 /* Games.swift in Sources */,
				FB44E2A52563635800758893 /* Systen.swift in Sources */,
				FB44E2E2256363C800758893 /* DetailView.swift in Sources */,
				FB44E2E3256363C800758893 /* DetailViewModel.swift in Sources */,
				FB44E2942563610600758893 /* GameMap.swift in Sources */,
				FB44E2E6256363C800758893 /* ProfileView.swift in Sources */,
				FB44E2812563607100758893 /* FavGameItemView.swift in Sources */,
				FB44E2A42563635800758893 /* CustomCorner.swift in Sources */,
				FB44E28F2563610600758893 /* Detail.swift in Sources */,
				FB44E2912563610600758893 /* DetailMap.swift in Sources */,
				FB44E25D2562DD6A00758893 /* ContentView.swift in Sources */,
				FB44E2E4256363C800758893 /* SearchView.swift in Sources */,
				FBB348FF25734E4500274808 /* Call.swift in Sources */,
				FB44E2902563610600758893 /* Profile.swift in Sources */,
				FB44E2822563607100758893 /* CarouselView.swift in Sources */,
				FB44E2E5256363C800758893 /* SearchViewModel.swift in Sources */,
				FB44E29A2563621D00758893 /* GameListViewModel.swift in Sources */,
				FB44E2992563621D00758893 /* HomeView.swift in Sources */,
				FB44E2A62563635800758893 /* HostingController.swift in Sources */,
				FB44E25B2562DD6A00758893 /* GameCenter2App.swift in Sources */,
				FB44E2922563610600758893 /* Platforms.swift in Sources */,
			);
			runOnlyForDeploymentPostprocessing = 0;
		};
/* End PBXSourcesBuildPhase section */

/* Begin XCBuildConfiguration section */
		FB44E2692562DD6C00758893 /* Debug */ = {
			isa = XCBuildConfiguration;
			buildSettings = {
				ALWAYS_SEARCH_USER_PATHS = NO;
				CLANG_ANALYZER_NONNULL = YES;
				CLANG_ANALYZER_NUMBER_OBJECT_CONVERSION = YES_AGGRESSIVE;
				CLANG_CXX_LANGUAGE_STANDARD = "gnu++14";
				CLANG_CXX_LIBRARY = "libc++";
				CLANG_ENABLE_MODULES = YES;
				CLANG_ENABLE_OBJC_ARC = YES;
				CLANG_ENABLE_OBJC_WEAK = YES;
				CLANG_WARN_BLOCK_CAPTURE_AUTORELEASING = YES;
				CLANG_WARN_BOOL_CONVERSION = YES;
				CLANG_WARN_COMMA = YES;
				CLANG_WARN_CONSTANT_CONVERSION = YES;
				CLANG_WARN_DEPRECATED_OBJC_IMPLEMENTATIONS = YES;
				CLANG_WARN_DIRECT_OBJC_ISA_USAGE = YES_ERROR;
				CLANG_WARN_DOCUMENTATION_COMMENTS = YES;
				CLANG_WARN_EMPTY_BODY = YES;
				CLANG_WARN_ENUM_CONVERSION = YES;
				CLANG_WARN_INFINITE_RECURSION = YES;
				CLANG_WARN_INT_CONVERSION = YES;
				CLANG_WARN_NON_LITERAL_NULL_CONVERSION = YES;
				CLANG_WARN_OBJC_IMPLICIT_RETAIN_SELF = YES;
				CLANG_WARN_OBJC_LITERAL_CONVERSION = YES;
				CLANG_WARN_OBJC_ROOT_CLASS = YES_ERROR;
				CLANG_WARN_QUOTED_INCLUDE_IN_FRAMEWORK_HEADER = YES;
				CLANG_WARN_RANGE_LOOP_ANALYSIS = YES;
				CLANG_WARN_STRICT_PROTOTYPES = YES;
				CLANG_WARN_SUSPICIOUS_MOVE = YES;
				CLANG_WARN_UNGUARDED_AVAILABILITY = YES_AGGRESSIVE;
				CLANG_WARN_UNREACHABLE_CODE = YES;
				CLANG_WARN__DUPLICATE_METHOD_MATCH = YES;
				COPY_PHASE_STRIP = NO;
				DEBUG_INFORMATION_FORMAT = dwarf;
				ENABLE_STRICT_OBJC_MSGSEND = YES;
				ENABLE_TESTABILITY = YES;
				GCC_C_LANGUAGE_STANDARD = gnu11;
				GCC_DYNAMIC_NO_PIC = NO;
				GCC_NO_COMMON_BLOCKS = YES;
				GCC_OPTIMIZATION_LEVEL = 0;
				GCC_PREPROCESSOR_DEFINITIONS = (
					"DEBUG=1",
					"$(inherited)",
				);
				GCC_WARN_64_TO_32_BIT_CONVERSION = YES;
				GCC_WARN_ABOUT_RETURN_TYPE = YES_ERROR;
				GCC_WARN_UNDECLARED_SELECTOR = YES;
				GCC_WARN_UNINITIALIZED_AUTOS = YES_AGGRESSIVE;
				GCC_WARN_UNUSED_FUNCTION = YES;
				GCC_WARN_UNUSED_VARIABLE = YES;
				IPHONEOS_DEPLOYMENT_TARGET = 13.0;
				MTL_ENABLE_DEBUG_INFO = INCLUDE_SOURCE;
				MTL_FAST_MATH = YES;
				ONLY_ACTIVE_ARCH = YES;
				SDKROOT = iphoneos;
				SWIFT_ACTIVE_COMPILATION_CONDITIONS = DEBUG;
				SWIFT_OPTIMIZATION_LEVEL = "-Onone";
			};
			name = Debug;
		};
		FB44E26A2562DD6C00758893 /* Release */ = {
			isa = XCBuildConfiguration;
			buildSettings = {
				ALWAYS_SEARCH_USER_PATHS = NO;
				CLANG_ANALYZER_NONNULL = YES;
				CLANG_ANALYZER_NUMBER_OBJECT_CONVERSION = YES_AGGRESSIVE;
				CLANG_CXX_LANGUAGE_STANDARD = "gnu++14";
				CLANG_CXX_LIBRARY = "libc++";
				CLANG_ENABLE_MODULES = YES;
				CLANG_ENABLE_OBJC_ARC = YES;
				CLANG_ENABLE_OBJC_WEAK = YES;
				CLANG_WARN_BLOCK_CAPTURE_AUTORELEASING = YES;
				CLANG_WARN_BOOL_CONVERSION = YES;
				CLANG_WARN_COMMA = YES;
				CLANG_WARN_CONSTANT_CONVERSION = YES;
				CLANG_WARN_DEPRECATED_OBJC_IMPLEMENTATIONS = YES;
				CLANG_WARN_DIRECT_OBJC_ISA_USAGE = YES_ERROR;
				CLANG_WARN_DOCUMENTATION_COMMENTS = YES;
				CLANG_WARN_EMPTY_BODY = YES;
				CLANG_WARN_ENUM_CONVERSION = YES;
				CLANG_WARN_INFINITE_RECURSION = YES;
				CLANG_WARN_INT_CONVERSION = YES;
				CLANG_WARN_NON_LITERAL_NULL_CONVERSION = YES;
				CLANG_WARN_OBJC_IMPLICIT_RETAIN_SELF = YES;
				CLANG_WARN_OBJC_LITERAL_CONVERSION = YES;
				CLANG_WARN_OBJC_ROOT_CLASS = YES_ERROR;
				CLANG_WARN_QUOTED_INCLUDE_IN_FRAMEWORK_HEADER = YES;
				CLANG_WARN_RANGE_LOOP_ANALYSIS = YES;
				CLANG_WARN_STRICT_PROTOTYPES = YES;
				CLANG_WARN_SUSPICIOUS_MOVE = YES;
				CLANG_WARN_UNGUARDED_AVAILABILITY = YES_AGGRESSIVE;
				CLANG_WARN_UNREACHABLE_CODE = YES;
				CLANG_WARN__DUPLICATE_METHOD_MATCH = YES;
				COPY_PHASE_STRIP = NO;
				DEBUG_INFORMATION_FORMAT = "dwarf-with-dsym";
				ENABLE_NS_ASSERTIONS = NO;
				ENABLE_STRICT_OBJC_MSGSEND = YES;
				GCC_C_LANGUAGE_STANDARD = gnu11;
				GCC_NO_COMMON_BLOCKS = YES;
				GCC_WARN_64_TO_32_BIT_CONVERSION = YES;
				GCC_WARN_ABOUT_RETURN_TYPE = YES_ERROR;
				GCC_WARN_UNDECLARED_SELECTOR = YES;
				GCC_WARN_UNINITIALIZED_AUTOS = YES_AGGRESSIVE;
				GCC_WARN_UNUSED_FUNCTION = YES;
				GCC_WARN_UNUSED_VARIABLE = YES;
				IPHONEOS_DEPLOYMENT_TARGET = 13.0;
				MTL_ENABLE_DEBUG_INFO = NO;
				MTL_FAST_MATH = YES;
				SDKROOT = iphoneos;
				SWIFT_COMPILATION_MODE = wholemodule;
				SWIFT_OPTIMIZATION_LEVEL = "-O";
				VALIDATE_PRODUCT = YES;
			};
			name = Release;
		};
		FB44E26C2562DD6C00758893 /* Debug */ = {
			isa = XCBuildConfiguration;
			baseConfigurationReference = 4F3B77B2D9B08CB4A964C291 /* Pods-GameCenter2.debug.xcconfig */;
			buildSettings = {
				ASSETCATALOG_COMPILER_APPICON_NAME = AppIcon;
				ASSETCATALOG_COMPILER_GLOBAL_ACCENT_COLOR_NAME = AccentColor;
				CODE_SIGN_STYLE = Automatic;
				DEVELOPMENT_ASSET_PATHS = "\"GameCenter2/Preview Content\"";
				DEVELOPMENT_TEAM = 68FP6TZ275;
				ENABLE_PREVIEWS = YES;
				INFOPLIST_FILE = GameCenter2/Info.plist;
				IPHONEOS_DEPLOYMENT_TARGET = 14.0;
				LD_RUNPATH_SEARCH_PATHS = (
					"$(inherited)",
					"@executable_path/Frameworks",
				);
				PRODUCT_BUNDLE_IDENTIFIER = hachiand.GameCenter2;
				PRODUCT_NAME = "$(TARGET_NAME)";
				SWIFT_VERSION = 5.0;
				TARGETED_DEVICE_FAMILY = "1,2";
			};
			name = Debug;
		};
		FB44E26D2562DD6C00758893 /* Release */ = {
			isa = XCBuildConfiguration;
			baseConfigurationReference = A4431DA68A60C0AA46F1AB9E /* Pods-GameCenter2.release.xcconfig */;
			buildSettings = {
				ASSETCATALOG_COMPILER_APPICON_NAME = AppIcon;
				ASSETCATALOG_COMPILER_GLOBAL_ACCENT_COLOR_NAME = AccentColor;
				CODE_SIGN_STYLE = Automatic;
				DEVELOPMENT_ASSET_PATHS = "\"GameCenter2/Preview Content\"";
				DEVELOPMENT_TEAM = 68FP6TZ275;
				ENABLE_PREVIEWS = YES;
				INFOPLIST_FILE = GameCenter2/Info.plist;
				IPHONEOS_DEPLOYMENT_TARGET = 14.0;
				LD_RUNPATH_SEARCH_PATHS = (
					"$(inherited)",
					"@executable_path/Frameworks",
				);
				PRODUCT_BUNDLE_IDENTIFIER = hachiand.GameCenter2;
				PRODUCT_NAME = "$(TARGET_NAME)";
				SWIFT_VERSION = 5.0;
				TARGETED_DEVICE_FAMILY = "1,2";
			};
			name = Release;
		};
/* End XCBuildConfiguration section */

/* Begin XCConfigurationList section */
		FB44E2522562DD6A00758893 /* Build configuration list for PBXProject "GameCenter2" */ = {
			isa = XCConfigurationList;
			buildConfigurations = (
				FB44E2692562DD6C00758893 /* Debug */,
				FB44E26A2562DD6C00758893 /* Release */,
			);
			defaultConfigurationIsVisible = 0;
			defaultConfigurationName = Release;
		};
		FB44E26B2562DD6C00758893 /* Build configuration list for PBXNativeTarget "GameCenter2" */ = {
			isa = XCConfigurationList;
			buildConfigurations = (
				FB44E26C2562DD6C00758893 /* Debug */,
				FB44E26D2562DD6C00758893 /* Release */,
			);
			defaultConfigurationIsVisible = 0;
			defaultConfigurationName = Release;
		};
/* End XCConfigurationList section */
	};
	rootObject = FB44E24F2562DD6A00758893 /* Project object */;
}
